{
  "version": "2",
  "remote": {
    "https://cdn.skypack.dev/-/http-cache-semantics@v4.1.0-5IkAyzxageW9utYlM9Kq/dist=es2019,mode=imports/optimized/http-cache-semantics.js": "abb90d8731ed016549017a010e198e5075e5ca5308bfe429b7acaa07c3fe7200",
    "https://cdn.skypack.dev/-/http-cache-semantics@v4.1.0-5IkAyzxageW9utYlM9Kq/dist=es2019,mode=types/index.d.ts": "0bf440ab914e79e890cb15e5ffacb5e18bec678338b3eab069a5829d3d5c96e3",
    "https://cdn.skypack.dev/-/tweetnacl@v1.0.3-G4yM3nQ8lnXXlGGQADqJ/dist=es2019,mode=imports/optimized/tweetnacl.js": "d26554516df57e5cb58954e90c633c8871b4e66016b9fe4e07a36db5430bc8c7",
    "https://cdn.skypack.dev/-/tweetnacl@v1.0.3-G4yM3nQ8lnXXlGGQADqJ/dist=es2019,mode=types/nacl.d.ts": "60592f5ae1b739c9607a99895d4a3ad5c865b16903e4180e50b256e360a4a104",
    "https://cdn.skypack.dev/http-cache-semantics?dts": "dc31b1d6078daceb7667ec025de2206541c4f1c8fe480836bbaf9f8f666f9880",
    "https://cdn.skypack.dev/tweetnacl@v1.0.3?dts": "6610aad2ac175c2d575995fc7de8ed552c2e5e05aef80ed8588cf3c6e2db61d7",
    "https://deno.land/std@0.118.0/_util/assert.ts": "2f868145a042a11d5ad0a3c748dcf580add8a0dbc0e876eaa0026303a5488f58",
    "https://deno.land/std@0.118.0/_util/os.ts": "dfb186cc4e968c770ab6cc3288bd65f4871be03b93beecae57d657232ecffcac",
    "https://deno.land/std@0.118.0/path/_constants.ts": "1247fee4a79b70c89f23499691ef169b41b6ccf01887a0abd131009c5581b853",
    "https://deno.land/std@0.118.0/path/_interface.ts": "1fa73b02aaa24867e481a48492b44f2598cd9dfa513c7b34001437007d3642e4",
    "https://deno.land/std@0.118.0/path/_util.ts": "2e06a3b9e79beaf62687196bd4b60a4c391d862cfa007a20fc3a39f778ba073b",
    "https://deno.land/std@0.118.0/path/common.ts": "f41a38a0719a1e85aa11c6ba3bea5e37c15dd009d705bd8873f94c833568cbc4",
    "https://deno.land/std@0.118.0/path/glob.ts": "ea87985765b977cc284b92771003b2070c440e0807c90e1eb0ff3e095911a820",
    "https://deno.land/std@0.118.0/path/mod.ts": "4465dc494f271b02569edbb4a18d727063b5dbd6ed84283ff906260970a15d12",
    "https://deno.land/std@0.118.0/path/posix.ts": "34349174b9cd121625a2810837a82dd8b986bbaaad5ade690d1de75bbb4555b2",
    "https://deno.land/std@0.118.0/path/separator.ts": "8fdcf289b1b76fd726a508f57d3370ca029ae6976fcde5044007f062e643ff1c",
    "https://deno.land/std@0.118.0/path/win32.ts": "11549e8c6df8307a8efcfa47ad7b2a75da743eac7d4c89c9723a944661c8bd2e",
    "https://deno.land/std@0.130.0/async/abortable.ts": "a896ac6b0d4237bd2d2d248217cfa1f0d85ccda93cb25ebda55e33850e526be6",
    "https://deno.land/std@0.130.0/async/deadline.ts": "48ac998d7564969f3e6ec6b6f9bf0217ebd00239b1b2292feba61272d5dd58d0",
    "https://deno.land/std@0.130.0/async/debounce.ts": "564273ef242bcfcda19a439132f940db8694173abffc159ea34f07d18fc42620",
    "https://deno.land/std@0.130.0/async/deferred.ts": "bc18e28108252c9f67dfca2bbc4587c3cbf3aeb6e155f8c864ca8ecff992b98a",
    "https://deno.land/std@0.130.0/async/delay.ts": "cbbdf1c87d1aed8edc7bae13592fb3e27e3106e0748f089c263390d4f49e5f6c",
    "https://deno.land/std@0.130.0/async/mod.ts": "2240c6841157738414331f47dee09bb8c0482c5b1980b6e3234dd03515c8132f",
    "https://deno.land/std@0.130.0/async/mux_async_iterator.ts": "f4d1d259b0c694d381770ddaaa4b799a94843eba80c17f4a2ec2949168e52d1e",
    "https://deno.land/std@0.130.0/async/pool.ts": "97b0dd27c69544e374df857a40902e74e39532f226005543eabacb551e277082",
    "https://deno.land/std@0.130.0/async/tee.ts": "1341feb1f5b1a96f8628d0f8fc07d8c43d3813423f18a63bf1b4785568d21b1f",
    "https://deno.land/std@0.130.0/http/http_status.ts": "71838ad33cb03ff2575f5e8fdea5f930979cdff8a81c11ade497f11d4c026019",
    "https://deno.land/std@0.130.0/http/server.ts": "10c3a7814666cdbabd6f9c18acdcc4593e222275a628280a4868881445fbb5bc",
    "https://deno.land/x/dotenv@v3.2.0/load.ts": "cbd76a0aee01aad8d09222afaa1dd04b84d9d3e44637503b01bf77a91df9e041",
    "https://deno.land/x/dotenv@v3.2.0/mod.ts": "077b48773de9205266a0b44c3c3a3c3083449ed64bb0b6cc461b95720678d38e",
    "https://deno.land/x/dotenv@v3.2.0/util.ts": "693730877b13f8ead2b79b2aa31e2a0652862f7dc0c5f6d2f313f4d39c7b7670",
    "https://deno.land/x/httpcache@0.1.2/in_memory.ts": "9f7d2d1600f64934c45493bf300475f3edef8ca540da60f308bda32d30de849e",
    "https://deno.land/x/httpcache@0.1.2/mod.ts": "1247683a7e4f573759afb47709b2b5cd954986cfc4882ed7cc3a21b0e959be58",
    "https://deno.land/x/lru@1.0.2/mod.ts": "1d44b87c4d40ff33749ae5fd85fe234344e0dace835fdfeb48413edea9461159",
    "https://deno.land/x/media_types@v2.11.1/db.ts": "1eac2b1b57195e41d7e40d7b236a3adeb93b4fa18084b4c9db49144fe685c78d",
    "https://deno.land/x/media_types@v2.11.1/mod.ts": "1be09ec3626332f9fe52a8a9ede852bb76d2207f84bec1f1b16c10555478008f",
    "https://deno.land/x/sift@0.5.0/mod.ts": "900cc5dc7be287a48b1f4f036010334a92d1783fb8427c69ad40070dc6b918b4",
    "https://x.lcas.dev/preact@10.5.12/jsx.d.ts": "55e7b86443e17edf4252c12fc8114678c733f8831a81b622d49097f28b0be98b",
    "https://x.lcas.dev/preact@10.5.12/mod.d.ts": "1b7da14b252cc408c27429d0b8dfad08eac125daa054507b58435c4390dc7c99",
    "https://x.lcas.dev/preact@10.5.12/mod.js": "62eb264b333369c5c3f5186fc97964c1787f9352d52decfde9c50084add3a86f",
    "https://x.lcas.dev/preact@10.5.12/ssr.d.ts": "969fee1e06346d80d97414ffa0a49a13c0672462324a7f5e2e335662097ed595",
    "https://x.lcas.dev/preact@10.5.12/ssr.js": "17b5eebfac9321092cee4a6fcbf9a88885936824eadf2c1c16b297cb829721e1"
  }
}
